
Microsoft Visual Studio Solution File, Format Version 12.00
# Visual Studio Version 17
VisualStudioVersion = 17.11.35222.181
MinimumVisualStudioVersion = 10.0.40219.1
Project("{2150E333-8FDC-42A3-9474-1A3956D46DE8}") = "Task0", "Task0", "{5CFF75EE-3850-443D-9DCA-B9C1AD184DF8}"
EndProject
Project("{9A19103F-16F7-4668-BE54-9A1E7A4F7556}") = "Tyuiu.KiselevEA.Sprint4.Task0.V4", "Tyuiu.KiselevEA.Sprint4.Task0.V4\Tyuiu.KiselevEA.Sprint4.Task0.V4.csproj", "{85196C7D-9110-4F9B-9F23-13B0E5B59A59}"
EndProject
Project("{9A19103F-16F7-4668-BE54-9A1E7A4F7556}") = "Tyuiu.KiselevEA.Sprint4.Task0.V4.Lib", "Tyuiu.KiselevEA.Sprint4.Task0.V4.Lib\Tyuiu.KiselevEA.Sprint4.Task0.V4.Lib.csproj", "{1B8F5411-D0A3-4BA6-8B15-C0F016318DEB}"
EndProject
Project("{9A19103F-16F7-4668-BE54-9A1E7A4F7556}") = "Tyuiu.KiselevEA.Sprint4.Task0.V4.Test", "Tyuiu.KiselevEA.Sprint4.Task0.V4.Test\Tyuiu.KiselevEA.Sprint4.Task0.V4.Test.csproj", "{A4F846AC-AC5A-4589-AB33-75E8046E860A}"
EndProject
Project("{2150E333-8FDC-42A3-9474-1A3956D46DE8}") = "Task1", "Task1", "{EFEA7030-D9A9-41DE-AF09-1A3E02E34E1C}"
EndProject
Project("{9A19103F-16F7-4668-BE54-9A1E7A4F7556}") = "Tyuiu.KiselevEA.Sprint4.Task1.V13.Test", "Tyuiu.KiselevEA.Sprint4.Task1.V13.Test\Tyuiu.KiselevEA.Sprint4.Task1.V13.Test.csproj", "{1E2C2AB8-F380-44DE-98FD-60EB7766FFFB}"
EndProject
Project("{9A19103F-16F7-4668-BE54-9A1E7A4F7556}") = "Tyuiu.KiselevEA.Sprint4.Task1.V13.Lib", "Tyuiu.KiselevEA.Sprint4.Task1.V13.Lib\Tyuiu.KiselevEA.Sprint4.Task1.V13.Lib.csproj", "{C8313E2D-00E9-4BAC-AF4D-1D35E3242208}"
EndProject
Project("{9A19103F-16F7-4668-BE54-9A1E7A4F7556}") = "Tyuiu.KiselevEA.Sprint4.Task1.V13", "Tyuiu.KiselevEA.Sprint4.Task1.V13\Tyuiu.KiselevEA.Sprint4.Task1.V13.csproj", "{27C2700F-9341-4BC1-AE2B-B213A40F8679}"
EndProject
Project("{2150E333-8FDC-42A3-9474-1A3956D46DE8}") = "Task2", "Task2", "{D4E15C3E-1325-4B85-ABB2-DA32BF921D9E}"
EndProject
Project("{9A19103F-16F7-4668-BE54-9A1E7A4F7556}") = "Tyuiu.KiselevEA.Sprint4.Task2.V5.Test", "Tyuiu.KiselevEA.Sprint4.Task2.V5.Test\Tyuiu.KiselevEA.Sprint4.Task2.V5.Test.csproj", "{1A444F27-10E7-4DAA-81D0-1245FEC99DD5}"
EndProject
Project("{9A19103F-16F7-4668-BE54-9A1E7A4F7556}") = "Tyuiu.KiselevEA.Sprint4.Task2.V5", "Tyuiu.KiselevEA.Sprint4.Task2.V5\Tyuiu.KiselevEA.Sprint4.Task2.V5.csproj", "{6011D21E-9DA7-4BA3-9DB5-8EFEFF27FB6D}"
EndProject
Project("{9A19103F-16F7-4668-BE54-9A1E7A4F7556}") = "Tyuiu.KiselevEA.Sprint4.Task2.V5.Lib", "Tyuiu.KiselevEA.Sprint4.Task2.V5.Lib\Tyuiu.KiselevEA.Sprint4.Task2.V5.Lib.csproj", "{866DAA17-20D8-4A22-8E5C-1978C4B9DB6F}"
EndProject
Project("{2150E333-8FDC-42A3-9474-1A3956D46DE8}") = "Task3", "Task3", "{968230A8-E93C-4C04-8D6B-F18234032CB8}"
EndProject
Project("{9A19103F-16F7-4668-BE54-9A1E7A4F7556}") = "Tyuiu.KiselevEA.Sprint4.Task3.V30.Lib", "Tyuiu.KiselevEA.Sprint4.Task3.V30.Lib\Tyuiu.KiselevEA.Sprint4.Task3.V30.Lib.csproj", "{5F0CA838-5883-4A24-AABA-A6E84C47FEFD}"
EndProject
Project("{9A19103F-16F7-4668-BE54-9A1E7A4F7556}") = "Tyuiu.KiselevEA.Sprint4.Task3.V30.Test", "Tyuiu.KiselevEA.Sprint4.Task3.V30.Test\Tyuiu.KiselevEA.Sprint4.Task3.V30.Test.csproj", "{71C639AE-CB43-41DF-9050-E279CDE1EC2E}"
EndProject
Project("{9A19103F-16F7-4668-BE54-9A1E7A4F7556}") = "Tyuiu.KiselevEA.Sprint4.Task3.V30", "Tyuiu.KiselevEA.Sprint4.Task3.V30\Tyuiu.KiselevEA.Sprint4.Task3.V30.csproj", "{EECF0E0D-58FD-4406-82CF-C34AD0723F58}"
EndProject
Project("{2150E333-8FDC-42A3-9474-1A3956D46DE8}") = "Task4", "Task4", "{4ED5C4AE-9869-4A76-9C9A-F4D87641566D}"
EndProject
Project("{9A19103F-16F7-4668-BE54-9A1E7A4F7556}") = "Tyuiu.KiselevEA.Sprint4.Task4.V7", "Tyuiu.KiselevEA.Sprint4.Task4.V7\Tyuiu.KiselevEA.Sprint4.Task4.V7.csproj", "{9DB7CC51-C70C-47C4-9025-7B87675DD989}"
EndProject
Project("{9A19103F-16F7-4668-BE54-9A1E7A4F7556}") = "Tyuiu.KiselevEA.Sprint4.Task4.V7.Test", "Tyuiu.KiselevEA.Sprint4.Task4.V7.Test\Tyuiu.KiselevEA.Sprint4.Task4.V7.Test.csproj", "{A24040B0-D88A-4E2F-851C-BE4CAC420931}"
EndProject
Project("{9A19103F-16F7-4668-BE54-9A1E7A4F7556}") = "Tyuiu.KiselevEA.Sprint4.Task4.V7.Lib", "Tyuiu.KiselevEA.Sprint4.Task4.V7.Lib\Tyuiu.KiselevEA.Sprint4.Task4.V7.Lib.csproj", "{6114964E-4AA0-4DCF-913D-E94B617002B1}"
EndProject
Project("{2150E333-8FDC-42A3-9474-1A3956D46DE8}") = "Task5", "Task5", "{E461FC83-3DF7-482B-BC7E-F7147B8AD586}"
EndProject
Project("{FAE04EC0-301F-11D3-BF4B-00C04F79EFBC}") = "Tyuiu.KiselevEA.Sprint4.Task5.V15.Lib", "Tyuiu.KiselevEA.Sprint4.Task5.V15.Lib\Tyuiu.KiselevEA.Sprint4.Task5.V15.Lib.csproj", "{03773750-F482-4770-A1C4-ECF0213797DE}"
EndProject
Project("{FAE04EC0-301F-11D3-BF4B-00C04F79EFBC}") = "Tyuiu.KiselevEA.Sprint4.Task5.V15.Test", "Tyuiu.KiselevEA.Sprint4.Task5.V15.Test\Tyuiu.KiselevEA.Sprint4.Task5.V15.Test.csproj", "{0D300432-3982-4572-8254-8B6A045D148B}"
EndProject
Project("{FAE04EC0-301F-11D3-BF4B-00C04F79EFBC}") = "Tyuiu.KiselevEA.Sprint4.Task5.V15", "Tyuiu.KiselevEA.Sprint4.Task5.V15\Tyuiu.KiselevEA.Sprint4.Task5.V15.csproj", "{57991479-8CDA-41C3-9E56-8F1C9404B6EF}"
EndProject
Global
	GlobalSection(SolutionConfigurationPlatforms) = preSolution
		Debug|Any CPU = Debug|Any CPU
		Release|Any CPU = Release|Any CPU
	EndGlobalSection
	GlobalSection(ProjectConfigurationPlatforms) = postSolution
		{85196C7D-9110-4F9B-9F23-13B0E5B59A59}.Debug|Any CPU.ActiveCfg = Debug|Any CPU
		{85196C7D-9110-4F9B-9F23-13B0E5B59A59}.Debug|Any CPU.Build.0 = Debug|Any CPU
		{85196C7D-9110-4F9B-9F23-13B0E5B59A59}.Release|Any CPU.ActiveCfg = Release|Any CPU
		{85196C7D-9110-4F9B-9F23-13B0E5B59A59}.Release|Any CPU.Build.0 = Release|Any CPU
		{1B8F5411-D0A3-4BA6-8B15-C0F016318DEB}.Debug|Any CPU.ActiveCfg = Debug|Any CPU
		{1B8F5411-D0A3-4BA6-8B15-C0F016318DEB}.Debug|Any CPU.Build.0 = Debug|Any CPU
		{1B8F5411-D0A3-4BA6-8B15-C0F016318DEB}.Release|Any CPU.ActiveCfg = Release|Any CPU
		{1B8F5411-D0A3-4BA6-8B15-C0F016318DEB}.Release|Any CPU.Build.0 = Release|Any CPU
		{A4F846AC-AC5A-4589-AB33-75E8046E860A}.Debug|Any CPU.ActiveCfg = Debug|Any CPU
		{A4F846AC-AC5A-4589-AB33-75E8046E860A}.Debug|Any CPU.Build.0 = Debug|Any CPU
		{A4F846AC-AC5A-4589-AB33-75E8046E860A}.Release|Any CPU.ActiveCfg = Release|Any CPU
		{A4F846AC-AC5A-4589-AB33-75E8046E860A}.Release|Any CPU.Build.0 = Release|Any CPU
		{1E2C2AB8-F380-44DE-98FD-60EB7766FFFB}.Debug|Any CPU.ActiveCfg = Debug|Any CPU
		{1E2C2AB8-F380-44DE-98FD-60EB7766FFFB}.Debug|Any CPU.Build.0 = Debug|Any CPU
		{1E2C2AB8-F380-44DE-98FD-60EB7766FFFB}.Release|Any CPU.ActiveCfg = Release|Any CPU
		{1E2C2AB8-F380-44DE-98FD-60EB7766FFFB}.Release|Any CPU.Build.0 = Release|Any CPU
		{C8313E2D-00E9-4BAC-AF4D-1D35E3242208}.Debug|Any CPU.ActiveCfg = Debug|Any CPU
		{C8313E2D-00E9-4BAC-AF4D-1D35E3242208}.Debug|Any CPU.Build.0 = Debug|Any CPU
		{C8313E2D-00E9-4BAC-AF4D-1D35E3242208}.Release|Any CPU.ActiveCfg = Release|Any CPU
		{C8313E2D-00E9-4BAC-AF4D-1D35E3242208}.Release|Any CPU.Build.0 = Release|Any CPU
		{27C2700F-9341-4BC1-AE2B-B213A40F8679}.Debug|Any CPU.ActiveCfg = Debug|Any CPU
		{27C2700F-9341-4BC1-AE2B-B213A40F8679}.Debug|Any CPU.Build.0 = Debug|Any CPU
		{27C2700F-9341-4BC1-AE2B-B213A40F8679}.Release|Any CPU.ActiveCfg = Release|Any CPU
		{27C2700F-9341-4BC1-AE2B-B213A40F8679}.Release|Any CPU.Build.0 = Release|Any CPU
		{1A444F27-10E7-4DAA-81D0-1245FEC99DD5}.Debug|Any CPU.ActiveCfg = Debug|Any CPU
		{1A444F27-10E7-4DAA-81D0-1245FEC99DD5}.Debug|Any CPU.Build.0 = Debug|Any CPU
		{1A444F27-10E7-4DAA-81D0-1245FEC99DD5}.Release|Any CPU.ActiveCfg = Release|Any CPU
		{1A444F27-10E7-4DAA-81D0-1245FEC99DD5}.Release|Any CPU.Build.0 = Release|Any CPU
		{6011D21E-9DA7-4BA3-9DB5-8EFEFF27FB6D}.Debug|Any CPU.ActiveCfg = Debug|Any CPU
		{6011D21E-9DA7-4BA3-9DB5-8EFEFF27FB6D}.Debug|Any CPU.Build.0 = Debug|Any CPU
		{6011D21E-9DA7-4BA3-9DB5-8EFEFF27FB6D}.Release|Any CPU.ActiveCfg = Release|Any CPU
		{6011D21E-9DA7-4BA3-9DB5-8EFEFF27FB6D}.Release|Any CPU.Build.0 = Release|Any CPU
		{866DAA17-20D8-4A22-8E5C-1978C4B9DB6F}.Debug|Any CPU.ActiveCfg = Debug|Any CPU
		{866DAA17-20D8-4A22-8E5C-1978C4B9DB6F}.Debug|Any CPU.Build.0 = Debug|Any CPU
		{866DAA17-20D8-4A22-8E5C-1978C4B9DB6F}.Release|Any CPU.ActiveCfg = Release|Any CPU
		{866DAA17-20D8-4A22-8E5C-1978C4B9DB6F}.Release|Any CPU.Build.0 = Release|Any CPU
		{5F0CA838-5883-4A24-AABA-A6E84C47FEFD}.Debug|Any CPU.ActiveCfg = Debug|Any CPU
		{5F0CA838-5883-4A24-AABA-A6E84C47FEFD}.Debug|Any CPU.Build.0 = Debug|Any CPU
		{5F0CA838-5883-4A24-AABA-A6E84C47FEFD}.Release|Any CPU.ActiveCfg = Release|Any CPU
		{5F0CA838-5883-4A24-AABA-A6E84C47FEFD}.Release|Any CPU.Build.0 = Release|Any CPU
		{71C639AE-CB43-41DF-9050-E279CDE1EC2E}.Debug|Any CPU.ActiveCfg = Debug|Any CPU
		{71C639AE-CB43-41DF-9050-E279CDE1EC2E}.Debug|Any CPU.Build.0 = Debug|Any CPU
		{71C639AE-CB43-41DF-9050-E279CDE1EC2E}.Release|Any CPU.ActiveCfg = Release|Any CPU
		{71C639AE-CB43-41DF-9050-E279CDE1EC2E}.Release|Any CPU.Build.0 = Release|Any CPU
		{EECF0E0D-58FD-4406-82CF-C34AD0723F58}.Debug|Any CPU.ActiveCfg = Debug|Any CPU
		{EECF0E0D-58FD-4406-82CF-C34AD0723F58}.Debug|Any CPU.Build.0 = Debug|Any CPU
		{EECF0E0D-58FD-4406-82CF-C34AD0723F58}.Release|Any CPU.ActiveCfg = Release|Any CPU
		{EECF0E0D-58FD-4406-82CF-C34AD0723F58}.Release|Any CPU.Build.0 = Release|Any CPU
		{9DB7CC51-C70C-47C4-9025-7B87675DD989}.Debug|Any CPU.ActiveCfg = Debug|Any CPU
		{9DB7CC51-C70C-47C4-9025-7B87675DD989}.Debug|Any CPU.Build.0 = Debug|Any CPU
		{9DB7CC51-C70C-47C4-9025-7B87675DD989}.Release|Any CPU.ActiveCfg = Release|Any CPU
		{9DB7CC51-C70C-47C4-9025-7B87675DD989}.Release|Any CPU.Build.0 = Release|Any CPU
		{A24040B0-D88A-4E2F-851C-BE4CAC420931}.Debug|Any CPU.ActiveCfg = Debug|Any CPU
		{A24040B0-D88A-4E2F-851C-BE4CAC420931}.Debug|Any CPU.Build.0 = Debug|Any CPU
		{A24040B0-D88A-4E2F-851C-BE4CAC420931}.Release|Any CPU.ActiveCfg = Release|Any CPU
		{A24040B0-D88A-4E2F-851C-BE4CAC420931}.Release|Any CPU.Build.0 = Release|Any CPU
		{6114964E-4AA0-4DCF-913D-E94B617002B1}.Debug|Any CPU.ActiveCfg = Debug|Any CPU
		{6114964E-4AA0-4DCF-913D-E94B617002B1}.Debug|Any CPU.Build.0 = Debug|Any CPU
		{6114964E-4AA0-4DCF-913D-E94B617002B1}.Release|Any CPU.ActiveCfg = Release|Any CPU
		{6114964E-4AA0-4DCF-913D-E94B617002B1}.Release|Any CPU.Build.0 = Release|Any CPU
		{03773750-F482-4770-A1C4-ECF0213797DE}.Debug|Any CPU.ActiveCfg = Debug|Any CPU
		{03773750-F482-4770-A1C4-ECF0213797DE}.Debug|Any CPU.Build.0 = Debug|Any CPU
		{03773750-F482-4770-A1C4-ECF0213797DE}.Release|Any CPU.ActiveCfg = Release|Any CPU
		{03773750-F482-4770-A1C4-ECF0213797DE}.Release|Any CPU.Build.0 = Release|Any CPU
		{0D300432-3982-4572-8254-8B6A045D148B}.Debug|Any CPU.ActiveCfg = Debug|Any CPU
		{0D300432-3982-4572-8254-8B6A045D148B}.Debug|Any CPU.Build.0 = Debug|Any CPU
		{0D300432-3982-4572-8254-8B6A045D148B}.Release|Any CPU.ActiveCfg = Release|Any CPU
		{0D300432-3982-4572-8254-8B6A045D148B}.Release|Any CPU.Build.0 = Release|Any CPU
		{57991479-8CDA-41C3-9E56-8F1C9404B6EF}.Debug|Any CPU.ActiveCfg = Debug|Any CPU
		{57991479-8CDA-41C3-9E56-8F1C9404B6EF}.Debug|Any CPU.Build.0 = Debug|Any CPU
		{57991479-8CDA-41C3-9E56-8F1C9404B6EF}.Release|Any CPU.ActiveCfg = Release|Any CPU
		{57991479-8CDA-41C3-9E56-8F1C9404B6EF}.Release|Any CPU.Build.0 = Release|Any CPU
	EndGlobalSection
	GlobalSection(SolutionProperties) = preSolution
		HideSolutionNode = FALSE
	EndGlobalSection
	GlobalSection(NestedProjects) = preSolution
		{85196C7D-9110-4F9B-9F23-13B0E5B59A59} = {5CFF75EE-3850-443D-9DCA-B9C1AD184DF8}
		{1B8F5411-D0A3-4BA6-8B15-C0F016318DEB} = {5CFF75EE-3850-443D-9DCA-B9C1AD184DF8}
		{A4F846AC-AC5A-4589-AB33-75E8046E860A} = {5CFF75EE-3850-443D-9DCA-B9C1AD184DF8}
		{1E2C2AB8-F380-44DE-98FD-60EB7766FFFB} = {EFEA7030-D9A9-41DE-AF09-1A3E02E34E1C}
		{C8313E2D-00E9-4BAC-AF4D-1D35E3242208} = {EFEA7030-D9A9-41DE-AF09-1A3E02E34E1C}
		{27C2700F-9341-4BC1-AE2B-B213A40F8679} = {EFEA7030-D9A9-41DE-AF09-1A3E02E34E1C}
		{1A444F27-10E7-4DAA-81D0-1245FEC99DD5} = {D4E15C3E-1325-4B85-ABB2-DA32BF921D9E}
		{6011D21E-9DA7-4BA3-9DB5-8EFEFF27FB6D} = {D4E15C3E-1325-4B85-ABB2-DA32BF921D9E}
		{866DAA17-20D8-4A22-8E5C-1978C4B9DB6F} = {D4E15C3E-1325-4B85-ABB2-DA32BF921D9E}
		{5F0CA838-5883-4A24-AABA-A6E84C47FEFD} = {968230A8-E93C-4C04-8D6B-F18234032CB8}
		{71C639AE-CB43-41DF-9050-E279CDE1EC2E} = {968230A8-E93C-4C04-8D6B-F18234032CB8}
		{EECF0E0D-58FD-4406-82CF-C34AD0723F58} = {968230A8-E93C-4C04-8D6B-F18234032CB8}
		{9DB7CC51-C70C-47C4-9025-7B87675DD989} = {4ED5C4AE-9869-4A76-9C9A-F4D87641566D}
		{A24040B0-D88A-4E2F-851C-BE4CAC420931} = {4ED5C4AE-9869-4A76-9C9A-F4D87641566D}
		{6114964E-4AA0-4DCF-913D-E94B617002B1} = {4ED5C4AE-9869-4A76-9C9A-F4D87641566D}
		{03773750-F482-4770-A1C4-ECF0213797DE} = {E461FC83-3DF7-482B-BC7E-F7147B8AD586}
		{0D300432-3982-4572-8254-8B6A045D148B} = {E461FC83-3DF7-482B-BC7E-F7147B8AD586}
		{57991479-8CDA-41C3-9E56-8F1C9404B6EF} = {E461FC83-3DF7-482B-BC7E-F7147B8AD586}
	EndGlobalSection
	GlobalSection(ExtensibilityGlobals) = postSolution
		SolutionGuid = {BE7DCEBC-22A3-472F-9E4D-6E14B4851AF8}
	EndGlobalSection
EndGlobal
